
Microsoft Visual Studio Solution File, Format Version 12.00
# Visual Studio 15
VisualStudioVersion = 15.0.28307.329
MinimumVisualStudioVersion = 10.0.40219.1
Project("{FAE04EC0-301F-11D3-BF4B-00C04F79EFBC}") = "MyNewService", "AJEFD4\MyNewService.csproj", "{ED97442C-93CB-445A-8E0D-AAE65BF077FB}"
EndProject
Project("{FAE04EC0-301F-11D3-BF4B-00C04F79EFBC}") = "IPathLibrary", "IPath\IPathLibrary.csproj", "{5D3A947B-E0A4-435B-9A57-C3EBB2812267}"
EndProject
Project("{FAE04EC0-301F-11D3-BF4B-00C04F79EFBC}") = "LocalResources", "LocalResources\LocalResources.csproj", "{6C4B659C-3A9E-4C4D-BDDA-1E2B6D8D772C}"
EndProject
Project("{FAE04EC0-301F-11D3-BF4B-00C04F79EFBC}") = "EarthNowResources", "EarthNowResources\EarthNowResources.csproj", "{4D99C944-82E4-4004-9141-6CBC63BB0758}"
EndProject
Project("{2150E333-8FDC-42A3-9474-1A3956D46DE8}") = "Solution Items", "Solution Items", "{2D3D8958-6A1E-430D-9997-17B958910B50}"
	ProjectSection(SolutionItems) = preProject
		logger.cs = logger.cs
	EndProjectSection
EndProject
Project("{FAE04EC0-301F-11D3-BF4B-00C04F79EFBC}") = "AJEDDesktop", "WindowsFormsApp1\AJEDDesktop.csproj", "{5D77B1B8-CE77-4D49-8305-2B922C8D1995}"
EndProject
Project("{2150E333-8FDC-42A3-9474-1A3956D46DE8}") = "Desktop", "Desktop", "{224F74A1-0B90-4934-BA5B-F6939F8CDFAD}"
EndProject
Global
	GlobalSection(SolutionConfigurationPlatforms) = preSolution
		Debug|Any CPU = Debug|Any CPU
		Release|Any CPU = Release|Any CPU
	EndGlobalSection
	GlobalSection(ProjectConfigurationPlatforms) = postSolution
		{ED97442C-93CB-445A-8E0D-AAE65BF077FB}.Debug|Any CPU.ActiveCfg = Debug|Any CPU
		{ED97442C-93CB-445A-8E0D-AAE65BF077FB}.Debug|Any CPU.Build.0 = Debug|Any CPU
		{ED97442C-93CB-445A-8E0D-AAE65BF077FB}.Release|Any CPU.ActiveCfg = Release|Any CPU
		{ED97442C-93CB-445A-8E0D-AAE65BF077FB}.Release|Any CPU.Build.0 = Release|Any CPU
		{5D3A947B-E0A4-435B-9A57-C3EBB2812267}.Debug|Any CPU.ActiveCfg = Debug|Any CPU
		{5D3A947B-E0A4-435B-9A57-C3EBB2812267}.Debug|Any CPU.Build.0 = Debug|Any CPU
		{5D3A947B-E0A4-435B-9A57-C3EBB2812267}.Release|Any CPU.ActiveCfg = Release|Any CPU
		{5D3A947B-E0A4-435B-9A57-C3EBB2812267}.Release|Any CPU.Build.0 = Release|Any CPU
		{6C4B659C-3A9E-4C4D-BDDA-1E2B6D8D772C}.Debug|Any CPU.ActiveCfg = Debug|Any CPU
		{6C4B659C-3A9E-4C4D-BDDA-1E2B6D8D772C}.Debug|Any CPU.Build.0 = Debug|Any CPU
		{6C4B659C-3A9E-4C4D-BDDA-1E2B6D8D772C}.Release|Any CPU.ActiveCfg = Release|Any CPU
		{6C4B659C-3A9E-4C4D-BDDA-1E2B6D8D772C}.Release|Any CPU.Build.0 = Release|Any CPU
		{4D99C944-82E4-4004-9141-6CBC63BB0758}.Debug|Any CPU.ActiveCfg = Debug|Any CPU
		{4D99C944-82E4-4004-9141-6CBC63BB0758}.Debug|Any CPU.Build.0 = Debug|Any CPU
		{4D99C944-82E4-4004-9141-6CBC63BB0758}.Release|Any CPU.ActiveCfg = Release|Any CPU
		{4D99C944-82E4-4004-9141-6CBC63BB0758}.Release|Any CPU.Build.0 = Release|Any CPU
		{5D77B1B8-CE77-4D49-8305-2B922C8D1995}.Debug|Any CPU.ActiveCfg = Debug|Any CPU
		{5D77B1B8-CE77-4D49-8305-2B922C8D1995}.Debug|Any CPU.Build.0 = Debug|Any CPU
		{5D77B1B8-CE77-4D49-8305-2B922C8D1995}.Release|Any CPU.ActiveCfg = Release|Any CPU
		{5D77B1B8-CE77-4D49-8305-2B922C8D1995}.Release|Any CPU.Build.0 = Release|Any CPU
	EndGlobalSection
	GlobalSection(SolutionProperties) = preSolution
		HideSolutionNode = FALSE
	EndGlobalSection
	GlobalSection(NestedProjects) = preSolution
		{5D77B1B8-CE77-4D49-8305-2B922C8D1995} = {224F74A1-0B90-4934-BA5B-F6939F8CDFAD}
	EndGlobalSection
	GlobalSection(ExtensibilityGlobals) = postSolution
		SolutionGuid = {30FD5642-7B2E-48DF-A842-0BB43D6350D6}
	EndGlobalSection
EndGlobal
