
Microsoft Visual Studio Solution File, Format Version 12.00
# Visual Studio 15
VisualStudioVersion = 15.0.28307.329
MinimumVisualStudioVersion = 10.0.40219.1
Project("{FAE04EC0-301F-11D3-BF4B-00C04F79EFBC}") = "AJEFD4", "AJEFD4\AJEFD4.csproj", "{ED97442C-93CB-445A-8E0D-AAE65BF077FB}"
EndProject
Global
	GlobalSection(SolutionConfigurationPlatforms) = preSolution
		Debug|Any CPU = Debug|Any CPU
		Release|Any CPU = Release|Any CPU
	EndGlobalSection
	GlobalSection(ProjectConfigurationPlatforms) = postSolution
		{ED97442C-93CB-445A-8E0D-AAE65BF077FB}.Debug|Any CPU.ActiveCfg = Debug|Any CPU
		{ED97442C-93CB-445A-8E0D-AAE65BF077FB}.Debug|Any CPU.Build.0 = Debug|Any CPU
		{ED97442C-93CB-445A-8E0D-AAE65BF077FB}.Release|Any CPU.ActiveCfg = Release|Any CPU
		{ED97442C-93CB-445A-8E0D-AAE65BF077FB}.Release|Any CPU.Build.0 = Release|Any CPU
	EndGlobalSection
	GlobalSection(SolutionProperties) = preSolution
		HideSolutionNode = FALSE
	EndGlobalSection
	GlobalSection(ExtensibilityGlobals) = postSolution
		SolutionGuid = {30FD5642-7B2E-48DF-A842-0BB43D6350D6}
	EndGlobalSection
EndGlobal
